{
  "version": 4,
  "terraform_version": "1.5.4",
  "serial": 27,
  "lineage": "02548d15-8260-c362-a2be-833421e7368e",
  "outputs": {},
  "resources": [
    {
      "mode": "managed",
      "type": "google_container_cluster",
      "name": "gke_cluster",
      "provider": "provider[\"registry.terraform.io/hashicorp/google\"]",
      "instances": [
        {
          "schema_version": 1,
          "attributes": {
            "addons_config": [
              {
                "cloudrun_config": [],
                "config_connector_config": [],
                "dns_cache_config": [],
                "gce_persistent_disk_csi_driver_config": [
                  {
                    "enabled": true
                  }
                ],
                "gcp_filestore_csi_driver_config": [],
                "gcs_fuse_csi_driver_config": [],
                "gke_backup_agent_config": [],
                "horizontal_pod_autoscaling": [],
                "http_load_balancing": [],
                "network_policy_config": [
                  {
                    "disabled": true
                  }
                ]
              }
            ],
            "allow_net_admin": null,
            "authenticator_groups_config": [],
            "binary_authorization": [
              {
                "enabled": false,
                "evaluation_mode": ""
              }
            ],
            "cluster_autoscaling": [
              {
                "auto_provisioning_defaults": [],
                "enabled": false,
                "resource_limits": []
              }
            ],
            "cluster_ipv4_cidr": "10.0.0.0/14",
            "confidential_nodes": [],
            "cost_management_config": [],
            "database_encryption": [
              {
                "key_name": "",
                "state": "DECRYPTED"
              }
            ],
            "datapath_provider": "",
            "default_max_pods_per_node": null,
            "default_snat_status": [
              {
                "disabled": false
              }
            ],
            "description": "",
            "dns_config": [],
            "enable_autopilot": false,
            "enable_binary_authorization": false,
            "enable_intranode_visibility": false,
            "enable_k8s_beta_apis": [],
            "enable_kubernetes_alpha": false,
            "enable_l4_ilb_subsetting": false,
            "enable_legacy_abac": false,
            "enable_shielded_nodes": true,
            "enable_tpu": false,
            "endpoint": "34.79.46.227",
            "gateway_api_config": [],
            "id": "projects/clever-oasis-395212/locations/europe-west1-b/clusters/my-gke-cluster",
            "initial_node_count": 3,
            "ip_allocation_policy": [],
            "label_fingerprint": "a9dc16a7",
            "location": "europe-west1-b",
            "logging_config": [
              {
                "enable_components": [
                  "SYSTEM_COMPONENTS",
                  "WORKLOADS"
                ]
              }
            ],
            "logging_service": "logging.googleapis.com/kubernetes",
            "maintenance_policy": [],
            "master_auth": [
              {
                "client_certificate": "",
                "client_certificate_config": [
                  {
                    "issue_client_certificate": false
                  }
                ],
                "client_key": "",
                "cluster_ca_certificate": "LS0tLS1CRUdJTiBDRVJUSUZJQ0FURS0tLS0tCk1JSUVMRENDQXBTZ0F3SUJBZ0lRY2tuOVRGR0VoSHc5MWp1aDdjV0UzVEFOQmdrcWhraUc5dzBCQVFzRkFEQXYKTVMwd0t3WURWUVFERXlSak5HSmhaVFUxT0MwNU4yWm1MVFJtWVdNdE9EazRZaTB5TVdKaE1EaGlNalUzTXpBdwpJQmNOTWpNd09EQTRNVFUxTkRVeldoZ1BNakExTXpBM016RXhOalUwTlROYU1DOHhMVEFyQmdOVkJBTVRKR00wClltRmxOVFU0TFRrM1ptWXROR1poWXkwNE9UaGlMVEl4WW1Fd09HSXlOVGN6TURDQ0FhSXdEUVlKS29aSWh2Y04KQVFFQkJRQURnZ0dQQURDQ0FZb0NnZ0dCQU5KNXIwOUpSdWRNT0pIN2ZBUzFUN1hiVk1JZk1rOG9VZXdzWGJSMgpDYmpnSnU1ckRQN0JyRTBlV2dGTnZKbk42bkluc1hLT2RDcTFSdHVNamR6UlpRcUJiSjRlQmFBQndYTjRiaVMwCk1hNmY5ZUxLRWxML3FTUDRPeVNWdkJDM01lclhZdUhmUjRlNmZGQTRuS0FLSmlhYUUzRFVuNVV6WXlCejA2V1kKenZydUlHNDZqZFlHNSt2eXY5QmQ0RW1aNkxoM2NKRHR0WFpma1A1ejlsTGVnOVgyMFJUU2RVc3l3TStPTWt2aApobXdBSmN4aUpXamJTWlBjaWlCcWhEdmFYZU9nanFXTmlBQzc4UkF2TTBxZ3lxTUlBWmEwZG1EZFNxK0VWLzFxCkFkYk9QNzlaZ0l3VkdWRk1UNDJQMFo4SWxhSWlYUUhwSlRhYUhGQnAvcG1KL2VjcXBTZ1MrckVLM016QzBwNHcKeFo4YXdjcXh1dEo5M1NWQlp3SHZGMUVPRE5vN1oreW1mQUJJeHBCakM3R1BYSm4wa3o3UnBPL0VKNHBVNVYzSAovS3BsdTdoY3JRS3BEMWRSSjVHK3l1WmZPN2xIZFFINmdPMTBjVWY5ZjdCaXptMUJLY3JLbFdEUEJMTnpIK3NICjA5L3R6cDJPUGRSem5jWG5jNWpTVWJyUkRRSURBUUFCbzBJd1FEQU9CZ05WSFE4QkFmOEVCQU1DQWdRd0R3WUQKVlIwVEFRSC9CQVV3QXdFQi96QWRCZ05WSFE0RUZnUVVmU1JCOU1QK3pzc3pycXBOTHlBM3ZleXltRWN3RFFZSgpLb1pJaHZjTkFRRUxCUUFEZ2dHQkFJekUrUlhmbDIrdEVTY3M3ME14QWhWbEV6Nk55Q1V5MlFXa2JtNTcraEpSClZ2YmlPRThIcm5kSG5sNFovd3Myd0wzZCt4Q1BVTFNSMWM3L3lSRU41dkpKeS9kMnFBcTFnRGtXbXFxc2JqbmEKTkxBSEI2SHJkS2VwYWJZNXM4OUJLQ2tZTFJJbnNPck8vQnV2bE14Vkl5MDVTN3FTOVVNMkRxRVpqc1J0Q25BdQpUQ1BtVWQxbWl3NDg3a002eUxwRkpDbkJ0cWUrcytkMlNSK0tzaDJxREJOTC9lVFpkU3RTNzNyYjNkb0pmR1pvCk5FdWNnSXFOSXBlbitNTzdRaVhFdGdva2ZDelIwYWNoWEtka0R1YnE4VXJuZkRBUExYOHBOS3FJcHFVOVZPYWkKWFlCamFMUGZ4UDVYcFQycW9OdFNZeTUvejAvZTdXTE9mL0ZzNXRScWhpQVJqb0JIbGd3SldUOXlJL3Y1eWxFVwozVlBmNGFJQkdJQnllUzRtK2xBdkJmQVp4TFE2V2M4Y2ZTSXlQVytlUFpLVU43L0p5TCt2M2Eyd3JXRFRWalhkCmpJdDlGY2U0OTVjTm5DblJOT0lFY0krVXQrZmFmVURnK0E3b2EzY0RGOXN1d1dsUmEvbXdBR2p2VnhTKytyK1MKSzNRMnNxSVp2emdwVFUvb0lxaGkxUT09Ci0tLS0tRU5EIENFUlRJRklDQVRFLS0tLS0K"
              }
            ],
            "master_authorized_networks_config": [],
            "master_version": "1.27.2-gke.1200",
            "mesh_certificates": [],
            "min_master_version": null,
            "monitoring_config": [
              {
                "enable_components": [
                  "SYSTEM_COMPONENTS"
                ],
                "managed_prometheus": [
                  {
                    "enabled": true
                  }
                ]
              }
            ],
            "monitoring_service": "monitoring.googleapis.com/kubernetes",
            "name": "my-gke-cluster",
            "network": "projects/clever-oasis-395212/global/networks/default",
            "network_policy": [
              {
                "enabled": false,
                "provider": "PROVIDER_UNSPECIFIED"
              }
            ],
            "networking_mode": "ROUTES",
            "node_config": [
              {
                "advanced_machine_features": [],
                "boot_disk_kms_key": "",
                "disk_size_gb": 100,
                "disk_type": "pd-balanced",
                "ephemeral_storage_local_ssd_config": [],
                "gcfs_config": [],
                "guest_accelerator": [],
                "gvnic": [],
                "host_maintenance_policy": [],
                "image_type": "COS_CONTAINERD",
                "kubelet_config": [],
                "labels": {},
                "linux_node_config": [],
                "local_nvme_ssd_block_config": [],
                "local_ssd_count": 0,
                "logging_variant": "DEFAULT",
                "machine_type": "e2-medium",
                "metadata": {
                  "disable-legacy-endpoints": "true"
                },
                "min_cpu_platform": "",
                "node_group": "",
                "oauth_scopes": [
                  "https://www.googleapis.com/auth/devstorage.read_only",
                  "https://www.googleapis.com/auth/logging.write",
                  "https://www.googleapis.com/auth/monitoring",
                  "https://www.googleapis.com/auth/service.management.readonly",
                  "https://www.googleapis.com/auth/servicecontrol",
                  "https://www.googleapis.com/auth/trace.append"
                ],
                "preemptible": false,
                "reservation_affinity": [],
                "resource_labels": {},
                "service_account": "default",
                "shielded_instance_config": [
                  {
                    "enable_integrity_monitoring": true,
                    "enable_secure_boot": false
                  }
                ],
                "sole_tenant_config": [],
                "spot": false,
                "tags": [],
                "taint": [],
                "workload_metadata_config": []
              }
            ],
            "node_locations": [],
            "node_pool": [
              {
                "autoscaling": [],
                "initial_node_count": 3,
                "instance_group_urls": [
                  "https://www.googleapis.com/compute/v1/projects/clever-oasis-395212/zones/europe-west1-b/instanceGroupManagers/gke-my-gke-cluster-default-pool-94bfa507-grp"
                ],
                "managed_instance_group_urls": [
                  "https://www.googleapis.com/compute/v1/projects/clever-oasis-395212/zones/europe-west1-b/instanceGroups/gke-my-gke-cluster-default-pool-94bfa507-grp"
                ],
                "management": [
                  {
                    "auto_repair": true,
                    "auto_upgrade": true
                  }
                ],
                "max_pods_per_node": 0,
                "name": "default-pool",
                "name_prefix": "",
                "network_config": [
                  {
                    "create_pod_range": false,
                    "enable_private_nodes": false,
                    "pod_cidr_overprovision_config": [],
                    "pod_ipv4_cidr_block": "",
                    "pod_range": ""
                  }
                ],
                "node_config": [
                  {
                    "advanced_machine_features": [],
                    "boot_disk_kms_key": "",
                    "disk_size_gb": 100,
                    "disk_type": "pd-balanced",
                    "ephemeral_storage_local_ssd_config": [],
                    "gcfs_config": [],
                    "guest_accelerator": [],
                    "gvnic": [],
                    "host_maintenance_policy": [],
                    "image_type": "COS_CONTAINERD",
                    "kubelet_config": [],
                    "labels": {},
                    "linux_node_config": [],
                    "local_nvme_ssd_block_config": [],
                    "local_ssd_count": 0,
                    "logging_variant": "DEFAULT",
                    "machine_type": "e2-medium",
                    "metadata": {
                      "disable-legacy-endpoints": "true"
                    },
                    "min_cpu_platform": "",
                    "node_group": "",
                    "oauth_scopes": [
                      "https://www.googleapis.com/auth/devstorage.read_only",
                      "https://www.googleapis.com/auth/logging.write",
                      "https://www.googleapis.com/auth/monitoring",
                      "https://www.googleapis.com/auth/service.management.readonly",
                      "https://www.googleapis.com/auth/servicecontrol",
                      "https://www.googleapis.com/auth/trace.append"
                    ],
                    "preemptible": false,
                    "reservation_affinity": [],
                    "resource_labels": {},
                    "service_account": "default",
                    "shielded_instance_config": [
                      {
                        "enable_integrity_monitoring": true,
                        "enable_secure_boot": false
                      }
                    ],
                    "sole_tenant_config": [],
                    "spot": false,
                    "tags": [],
                    "taint": [],
                    "workload_metadata_config": []
                  }
                ],
                "node_count": 3,
                "node_locations": [
                  "europe-west1-b"
                ],
                "placement_policy": [],
                "upgrade_settings": [
                  {
                    "blue_green_settings": [],
                    "max_surge": 1,
                    "max_unavailable": 0,
                    "strategy": "SURGE"
                  }
                ],
                "version": "1.27.2-gke.1200"
              }
            ],
            "node_pool_defaults": [
              {
                "node_config_defaults": [
                  {
                    "logging_variant": "DEFAULT"
                  }
                ]
              }
            ],
            "node_version": "1.27.2-gke.1200",
            "notification_config": [
              {
                "pubsub": [
                  {
                    "enabled": false,
                    "filter": [],
                    "topic": ""
                  }
                ]
              }
            ],
            "operation": null,
            "private_cluster_config": [
              {
                "enable_private_endpoint": false,
                "enable_private_nodes": false,
                "master_global_access_config": [
                  {
                    "enabled": false
                  }
                ],
                "master_ipv4_cidr_block": "",
                "peering_name": "",
                "private_endpoint": "10.132.0.10",
                "private_endpoint_subnetwork": "",
                "public_endpoint": "34.79.46.227"
              }
            ],
            "private_ipv6_google_access": "",
            "project": "clever-oasis-395212",
            "release_channel": [
              {
                "channel": "REGULAR"
              }
            ],
            "remove_default_node_pool": null,
            "resource_labels": null,
            "resource_usage_export_config": [],
            "security_posture_config": [
              {
                "mode": "MODE_UNSPECIFIED",
                "vulnerability_mode": "VULNERABILITY_MODE_UNSPECIFIED"
              }
            ],
            "self_link": "https://container.googleapis.com/v1/projects/clever-oasis-395212/zones/europe-west1-b/clusters/my-gke-cluster",
            "service_external_ips_config": [
              {
                "enabled": false
              }
            ],
            "services_ipv4_cidr": "10.3.240.0/20",
            "subnetwork": "projects/clever-oasis-395212/regions/europe-west1/subnetworks/default",
            "timeouts": null,
            "tpu_ipv4_cidr_block": "",
            "vertical_pod_autoscaling": [],
            "workload_identity_config": []
          },
          "sensitive_attributes": [],
          "private": "eyJlMmJmYjczMC1lY2FhLTExZTYtOGY4OC0zNDM2M2JjN2M0YzAiOnsiY3JlYXRlIjoyNDAwMDAwMDAwMDAwLCJkZWxldGUiOjI0MDAwMDAwMDAwMDAsInJlYWQiOjI0MDAwMDAwMDAwMDAsInVwZGF0ZSI6MzYwMDAwMDAwMDAwMH0sInNjaGVtYV92ZXJzaW9uIjoiMSJ9"
        }
      ]
    },
    {
      "mode": "managed",
      "type": "google_sql_database_instance",
      "name": "my_database",
      "provider": "provider[\"registry.terraform.io/hashicorp/google\"]",
      "instances": [
        {
          "schema_version": 0,
          "attributes": {
            "available_maintenance_versions": [],
            "clone": [],
            "connection_name": "clever-oasis-395212:europe-west1:my-database-instance",
            "database_version": "MYSQL_8_0",
            "deletion_protection": true,
            "encryption_key_name": null,
            "first_ip_address": "35.205.170.78",
            "id": "my-database-instance",
            "instance_type": "CLOUD_SQL_INSTANCE",
            "ip_address": [
              {
                "ip_address": "35.205.170.78",
                "time_to_retire": "",
                "type": "PRIMARY"
              }
            ],
            "maintenance_version": "MYSQL_8_0_31.R20230624.00_05",
            "master_instance_name": "",
            "name": "my-database-instance",
            "private_ip_address": "",
            "project": "clever-oasis-395212",
            "public_ip_address": "35.205.170.78",
            "region": "europe-west1",
            "replica_configuration": [],
            "restore_backup_context": [],
            "root_password": null,
            "self_link": "https://sqladmin.googleapis.com/sql/v1beta4/projects/clever-oasis-395212/instances/my-database-instance",
            "server_ca_cert": [
              {
                "cert": "-----BEGIN CERTIFICATE-----\nMIIDfzCCAmegAwIBAgIBADANBgkqhkiG9w0BAQsFADB3MS0wKwYDVQQuEyQ0NzIw\nZGQyZi0xYzgxLTQ0ZWYtODMzYi04Njk2NWVhMWJkMjYxIzAhBgNVBAMTGkdvb2ds\nZSBDbG91ZCBTUUwgU2VydmVyIENBMRQwEgYDVQQKEwtHb29nbGUsIEluYzELMAkG\nA1UEBhMCVVMwHhcNMjMwODA4MTYyMDMzWhcNMzMwODA1MTYyMTMzWjB3MS0wKwYD\nVQQuEyQ0NzIwZGQyZi0xYzgxLTQ0ZWYtODMzYi04Njk2NWVhMWJkMjYxIzAhBgNV\nBAMTGkdvb2dsZSBDbG91ZCBTUUwgU2VydmVyIENBMRQwEgYDVQQKEwtHb29nbGUs\nIEluYzELMAkGA1UEBhMCVVMwggEiMA0GCSqGSIb3DQEBAQUAA4IBDwAwggEKAoIB\nAQCjH0ZxdC928E5K7NlNtsDj5QAHUGSlWMpDvrKkanov5p1NuXrUD5csx+aMmkOv\nSxzklPrP8PL1EBFBNlhXQRArvLzNwvgiwOm5RSTCrY/8EVuDT/Ds06mlzBVUygpj\ngGoMiVdeV14148Ix9JlnVC9H5BcQowEYpp5XLC26XsUqHPrtAnnSyMc8uSbcWKaw\nsb9AaeF7EpnQFWjuFaMRbiy6rbwWhwtd3+sCxHwNGb5OvZt0V6nJPEW5akZMC/2f\n/tJKLlp1Evt/kmB5I8bxT9mc7lqUfyCUxZexwa9+0AM1pQahUYV/d5mnmzYXQEKv\nAUK5foLtwc/rZSxRKM6CA6bBAgMBAAGjFjAUMBIGA1UdEwEB/wQIMAYBAf8CAQAw\nDQYJKoZIhvcNAQELBQADggEBAB3bQgyahf3ijXaiwV3MS5wWzBChta+UxG2ygILw\neVOEqZ/ElDpKCGqx6x7ZK6ikQ9WoESKJkqOTm7SYbxNQpEIRQ43s5GBmhRS88H8H\njW+S/zmbXIjaSvLM94tUyATTGH2CgfqHSMx65+miiAdzgSNnHdK+hNv0mKiDH7Lk\nXCA8md/rb5g83my5TwunT7HSQxyP8LBFY6FyyX39sZmiHe8NEqnciaFRe2SLZZIC\nuKPMnDtu40l+PlRYeWV9X/n6HMP5Cg8W4O1ysKtjiJ7d4S0zOE6yYrhnbZW5t0wg\njPSnutqsbMwgXXKjx1SL6v6VjRFTq93AC4nyGtADD2V86aA=\n-----END CERTIFICATE-----",
                "common_name": "C=US,O=Google\\, Inc,CN=Google Cloud SQL Server CA,dnQualifier=4720dd2f-1c81-44ef-833b-86965ea1bd26",
                "create_time": "2023-08-08T16:20:33.185Z",
                "expiration_time": "2033-08-05T16:21:33.185Z",
                "sha1_fingerprint": "5ab9391d9ee3310dfa26673cdf3501734910ec4f"
              }
            ],
            "service_account_email_address": "p128218683800-f51z3f@gcp-sa-cloud-sql.iam.gserviceaccount.com",
            "settings": [
              {
                "activation_policy": "ALWAYS",
                "active_directory_config": [],
                "advanced_machine_features": [],
                "availability_type": "ZONAL",
                "backup_configuration": [
                  {
                    "backup_retention_settings": [
                      {
                        "retained_backups": 7,
                        "retention_unit": "COUNT"
                      }
                    ],
                    "binary_log_enabled": false,
                    "enabled": true,
                    "location": "",
                    "point_in_time_recovery_enabled": false,
                    "start_time": "08:00",
                    "transaction_log_retention_days": 7
                  }
                ],
                "collation": "",
                "connector_enforcement": "NOT_REQUIRED",
                "data_cache_config": [],
                "database_flags": [],
                "deletion_protection_enabled": false,
                "deny_maintenance_period": [],
                "disk_autoresize": true,
                "disk_autoresize_limit": 0,
                "disk_size": 10,
                "disk_type": "PD_SSD",
                "edition": "",
                "insights_config": [],
                "ip_configuration": [
                  {
                    "allocated_ip_range": "",
                    "authorized_networks": [],
                    "enable_private_path_for_google_cloud_services": false,
                    "ipv4_enabled": true,
                    "private_network": "",
                    "require_ssl": false
                  }
                ],
                "location_preference": [
                  {
                    "follow_gae_application": "",
                    "secondary_zone": "",
                    "zone": "europe-west1-d"
                  }
                ],
                "maintenance_window": [],
                "password_validation_policy": [],
                "pricing_plan": "PER_USE",
                "sql_server_audit_config": [],
                "tier": "db-f1-micro",
                "time_zone": "",
                "user_labels": {},
                "version": 1
              }
            ],
            "timeouts": null
          },
          "sensitive_attributes": [],
          "private": "eyJlMmJmYjczMC1lY2FhLTExZTYtOGY4OC0zNDM2M2JjN2M0YzAiOnsiY3JlYXRlIjoyNDAwMDAwMDAwMDAwLCJkZWxldGUiOjE4MDAwMDAwMDAwMDAsInVwZGF0ZSI6MTgwMDAwMDAwMDAwMH19"
        }
      ]
    }
  ],
  "check_results": null
}
